
Microsoft Visual Studio Solution File, Format Version 12.00
# Visual Studio Version 17
VisualStudioVersion = 17.8.34316.72
MinimumVisualStudioVersion = 10.0.40219.1
Project("{9A19103F-16F7-4668-BE54-9A1E7A4F7556}") = "bd-academy-backend", "bd-academy-backend\bd-academy-backend.csproj", "{26562197-53A5-47DD-AECB-4DBAAC113DF5}"
EndProject
Project("{E53339B2-1760-4266-BCC7-CA923CBCF16C}") = "docker-compose", "docker-compose.dcproj", "{83C84540-C770-499E-B9F1-63D9EA8E01DD}"
EndProject
Global
	GlobalSection(SolutionConfigurationPlatforms) = preSolution
		Debug|Any CPU = Debug|Any CPU
		Release|Any CPU = Release|Any CPU
	EndGlobalSection
	GlobalSection(ProjectConfigurationPlatforms) = postSolution
		{26562197-53A5-47DD-AECB-4DBAAC113DF5}.Debug|Any CPU.ActiveCfg = Debug|Any CPU
		{26562197-53A5-47DD-AECB-4DBAAC113DF5}.Debug|Any CPU.Build.0 = Debug|Any CPU
		{26562197-53A5-47DD-AECB-4DBAAC113DF5}.Release|Any CPU.ActiveCfg = Release|Any CPU
		{26562197-53A5-47DD-AECB-4DBAAC113DF5}.Release|Any CPU.Build.0 = Release|Any CPU
		{83C84540-C770-499E-B9F1-63D9EA8E01DD}.Debug|Any CPU.ActiveCfg = Debug|Any CPU
		{83C84540-C770-499E-B9F1-63D9EA8E01DD}.Debug|Any CPU.Build.0 = Debug|Any CPU
		{83C84540-C770-499E-B9F1-63D9EA8E01DD}.Release|Any CPU.ActiveCfg = Release|Any CPU
		{83C84540-C770-499E-B9F1-63D9EA8E01DD}.Release|Any CPU.Build.0 = Release|Any CPU
	EndGlobalSection
	GlobalSection(SolutionProperties) = preSolution
		HideSolutionNode = FALSE
	EndGlobalSection
	GlobalSection(ExtensibilityGlobals) = postSolution
		SolutionGuid = {DFDDC0FB-2239-4B0C-BF97-2FA265984ED3}
	EndGlobalSection
EndGlobal
